
Microsoft Visual Studio Solution File, Format Version 12.00
# Visual Studio Version 17
VisualStudioVersion = 17.14.36804.6 d17.14
MinimumVisualStudioVersion = 10.0.40219.1
Project("{FAE04EC0-301F-11D3-BF4B-00C04F79EFBC}") = "moretownboost", "..\moretownboost.csproj", "{B057162E-359E-4C83-A9FB-AEB66410A813}"
EndProject
Global
	GlobalSection(SolutionConfigurationPlatforms) = preSolution
		Debug|Any CPU = Debug|Any CPU
		Release|Any CPU = Release|Any CPU
	EndGlobalSection
	GlobalSection(ProjectConfigurationPlatforms) = postSolution
		{B057162E-359E-4C83-A9FB-AEB66410A813}.Debug|Any CPU.ActiveCfg = Debug|Any CPU
		{B057162E-359E-4C83-A9FB-AEB66410A813}.Debug|Any CPU.Build.0 = Debug|Any CPU
		{B057162E-359E-4C83-A9FB-AEB66410A813}.Release|Any CPU.ActiveCfg = Release|Any CPU
		{B057162E-359E-4C83-A9FB-AEB66410A813}.Release|Any CPU.Build.0 = Release|Any CPU
	EndGlobalSection
	GlobalSection(SolutionProperties) = preSolution
		HideSolutionNode = FALSE
	EndGlobalSection
	GlobalSection(ExtensibilityGlobals) = postSolution
		SolutionGuid = {1BEDC35D-F639-4645-8786-29F0DF7CCD92}
	EndGlobalSection
EndGlobal
